# @generated by Move, please check-in and do not edit manually.

[move]
version = 3
manifest_digest = "2746EBF786AEC829FD11BE92C98020C5B676A2955C0FDA93A3997F7AD6136416"
deps_digest = "3C4103934B1E040BB6B23F1D610B4EF9F2F1166A50A104EADCF77467C004C600"

dependencies = [
  { id = "Sui", name = "Sui" },
  { id = "Wormhole", name = "Wormhole" },
]

[[move.package]]
id = "MoveStdlib"
source = { git = "https://github.com/MystenLabs/sui.git", rev = "041c5f2bae2fe52079e44b70514333532d69f4e6", subdir = "crates/sui-framework/packages/move-stdlib" }

[[move.package]]
id = "Sui"
source = { git = "https://github.com/MystenLabs/sui.git", rev = "041c5f2bae2fe52079e44b70514333532d69f4e6", subdir = "crates/sui-framework/packages/sui-framework" }

dependencies = [
  { id = "MoveStdlib", name = "MoveStdlib" },
]

[[move.package]]
id = "Wormhole"
source = { git = "https://github.com/suilend/wormhole.git", rev = "be7f3c862925d1dd4c55cbca35e7693dc562284d", subdir = "sui/wormhole" }

dependencies = [
  { id = "Sui", name = "Sui" },
]

[move.toolchain-version]
compiler-version = "1.56.2"
edition = "2024"
flavor = "sui"

[env.mainnet]
chain-id = "35834a8a"
original-published-id = "0x00b53b0f4174108627fbee72e2498b58d6a2714cded53fac537034c220d26302"
latest-published-id = "0x00b53b0f4174108627fbee72e2498b58d6a2714cded53fac537034c220d26302"
published-version = "1"